
Microsoft Visual Studio Solution File, Format Version 12.00
# Visual Studio Version 16
VisualStudioVersion = 16.0.34031.81
MinimumVisualStudioVersion = 10.0.40219.1
Project("{2150E333-8FDC-42A3-9474-1A3956D46DE8}") = "Task0", "Task0", "{68562DBE-683F-4D60-9C48-41A639CB3A34}"
EndProject
Project("{FAE04EC0-301F-11D3-BF4B-00C04F79EFBC}") = "Tyuiu.NezhdanovDA.Sprint0.Task0.V0", "Tyuiu.NezhdanovDA.Sprint0.Task0.V0\Tyuiu.NezhdanovDA.Sprint0.Task0.V0.csproj", "{44C91172-00EF-4A73-85FF-A6150EE7C0E1}"
EndProject
Project("{2150E333-8FDC-42A3-9474-1A3956D46DE8}") = "Task1", "Task1", "{C0106DC5-EFAD-47CB-B332-BFB24C1AA0D8}"
EndProject
Project("{FAE04EC0-301F-11D3-BF4B-00C04F79EFBC}") = "Tyuiu.NezhdanovDA.Sprint0.Task1.V0", "Tyuiu.NezhdanovDA.Sprint0.Task1.V0\Tyuiu.NezhdanovDA.Sprint0.Task1.V0.csproj", "{8E516209-8C02-4BA7-B231-7C41316E1C92}"
EndProject
Project("{2150E333-8FDC-42A3-9474-1A3956D46DE8}") = "Task2", "Task2", "{596E4E11-948F-40B2-9A56-148FFF35E2F0}"
EndProject
Project("{FAE04EC0-301F-11D3-BF4B-00C04F79EFBC}") = "Tyuiu.NezhdanovDA.Sprint0.Task2.V0", "Tyuiu.NezhdanovDA.Sprint0.Task2.V0\Tyuiu.NezhdanovDA.Sprint0.Task2.V0.csproj", "{7BACB6F4-1C6C-4DF4-95DE-343B5B5DF375}"
EndProject
Project("{FAE04EC0-301F-11D3-BF4B-00C04F79EFBC}") = "Tyuiu.NezhdanovDA.Sprint0.Task2.V0.Lib", "Tyuiu.NezhdanovDA.Sprint0.Task2.V0.Lib\Tyuiu.NezhdanovDA.Sprint0.Task2.V0.Lib.csproj", "{150BD1BA-7210-4522-8E46-C9BFF0BE570A}"
EndProject
Project("{FAE04EC0-301F-11D3-BF4B-00C04F79EFBC}") = "Tyuiu.NezhdanovDA.Sprint0.Task2.V0.Test", "Tyuiu.NezhdanovDA.Sprint0.Task2.V0.Test\Tyuiu.NezhdanovDA.Sprint0.Task2.V0.Test.csproj", "{378795ED-0161-4A8C-8DEA-9C034BDA016F}"
EndProject
Project("{2150E333-8FDC-42A3-9474-1A3956D46DE8}") = "Task3", "Task3", "{E58BBA10-4E36-4565-8E65-2ECCDF07477A}"
EndProject
Project("{FAE04EC0-301F-11D3-BF4B-00C04F79EFBC}") = "Tyuiu.NezhdanovDA.Sprint0.Task3.V0", "Tyuiu.NezhdanovDA.Sprint0.Task3.V0\Tyuiu.NezhdanovDA.Sprint0.Task3.V0.csproj", "{0A52F0E4-61C9-4489-9C19-3F00AFA26DCF}"
EndProject
Project("{FAE04EC0-301F-11D3-BF4B-00C04F79EFBC}") = "Tyuiu.NezhdanovDA.Sprint0.Task3.V0.Lib", "Tyuiu.NezhdanovDA.Sprint0.Task3.V0.Lib\Tyuiu.NezhdanovDA.Sprint0.Task3.V0.Lib.csproj", "{07A6E58D-0949-4EAF-804A-1A0FA59C8DD3}"
EndProject
Project("{FAE04EC0-301F-11D3-BF4B-00C04F79EFBC}") = "Tyuiu.NezhdanovDA.Sprint0.Task3.V0.Test", "Tyuiu.NezhdanovDA.Sprint0.Task3.V0.Test\Tyuiu.NezhdanovDA.Sprint0.Task3.V0.Test.csproj", "{E3BEF113-7ACD-46C7-8D26-25C2E46D1A6D}"
EndProject
Project("{2150E333-8FDC-42A3-9474-1A3956D46DE8}") = "Task4", "Task4", "{276DB5E9-9631-41C1-BDC0-6F7BB8E67AC9}"
EndProject
Project("{FAE04EC0-301F-11D3-BF4B-00C04F79EFBC}") = "Tyuiu.NezhdanovDA.Sprint0.Task4.V0", "Tyuiu.NezhdanovDA.Sprint0.Task4.V0\Tyuiu.NezhdanovDA.Sprint0.Task4.V0.csproj", "{288B0049-52C1-4C9A-AC62-D9E00E6704D6}"
EndProject
Project("{FAE04EC0-301F-11D3-BF4B-00C04F79EFBC}") = "Tyuiu.NezhdanovDA.Sprint0.Task4.V0.Lib", "Tyuiu.NezhdanovDA.Sprint0.Task4.V0.Lib\Tyuiu.NezhdanovDA.Sprint0.Task4.V0.Lib.csproj", "{4EF014EC-8DB4-4916-B69B-E6D5E2ABB5D4}"
EndProject
Project("{FAE04EC0-301F-11D3-BF4B-00C04F79EFBC}") = "Tyuiu.NezhdanovDA.Sprint0.Task4.V0.Test", "Tyuiu.NezhdanovDA.Sprint0.Task4.V0.Test\Tyuiu.NezhdanovDA.Sprint0.Task4.V0.Test.csproj", "{3F008F5E-EE06-4245-B92A-BB325923DC58}"
EndProject
Project("{2150E333-8FDC-42A3-9474-1A3956D46DE8}") = "Task5", "Task5", "{A2A7025D-2AB3-423E-9D5C-25BBA3CFD84B}"
EndProject
Project("{FAE04EC0-301F-11D3-BF4B-00C04F79EFBC}") = "Tyuiu.NezhdanovDA.Sprint0.Task5.V0", "Tyuiu.NezhdanovDA.Sprint0.Task5.V0\Tyuiu.NezhdanovDA.Sprint0.Task5.V0.csproj", "{40388F1B-78FB-4899-8EE2-210F237D802D}"
EndProject
Project("{FAE04EC0-301F-11D3-BF4B-00C04F79EFBC}") = "Tyuiu.NezhdanovDA.Sprint0.Task5.V0.Lib", "Tyuiu.NezhdanovDA.Sprint0.Task5.V0.Lib\Tyuiu.NezhdanovDA.Sprint0.Task5.V0.Lib.csproj", "{8D6ADF8B-4C3B-44FD-B8C3-076EDDE46369}"
EndProject
Project("{FAE04EC0-301F-11D3-BF4B-00C04F79EFBC}") = "Tyuiu.NezhdanovDA.Sprint0.Task5.V0.Test", "Tyuiu.NezhdanovDA.Sprint0.Task5.V0.Test\Tyuiu.NezhdanovDA.Sprint0.Task5.V0.Test.csproj", "{5C25C5BC-1DB7-4A25-B3AD-4D77B92F8ADD}"
EndProject
Project("{2150E333-8FDC-42A3-9474-1A3956D46DE8}") = "Task6", "Task6", "{3FB0303D-4057-453D-A34F-342CCCD0CDD0}"
EndProject
Project("{FAE04EC0-301F-11D3-BF4B-00C04F79EFBC}") = "Tyuiu.NezhdanovDA.Sprint0.Task6.V0", "Tyuiu.NezhdanovDA.Sprint0.Task6.V0\Tyuiu.NezhdanovDA.Sprint0.Task6.V0.csproj", "{044FD418-F365-4A85-98DB-23834DD18F89}"
EndProject
Project("{FAE04EC0-301F-11D3-BF4B-00C04F79EFBC}") = "Tyuiu.NezhdanovDA.Sprint0.Task6.V0.Lib", "Tyuiu.NezhdanovDA.Sprint0.Task6.V0.Lib\Tyuiu.NezhdanovDA.Sprint0.Task6.V0.Lib.csproj", "{5FC06A89-059F-494B-9446-5ABFE735D8F8}"
EndProject
Project("{FAE04EC0-301F-11D3-BF4B-00C04F79EFBC}") = "Tyuiu.NezhdanovDA.Sprint0.Task6.V0.Test", "Tyuiu.NezhdanovDA.Sprint0.Task6.V0.Test\Tyuiu.NezhdanovDA.Sprint0.Task6.V0.Test.csproj", "{37D1AA1B-2FD9-49DC-8960-6989065DC866}"
EndProject
Global
	GlobalSection(SolutionConfigurationPlatforms) = preSolution
		Debug|Any CPU = Debug|Any CPU
		Release|Any CPU = Release|Any CPU
	EndGlobalSection
	GlobalSection(ProjectConfigurationPlatforms) = postSolution
		{44C91172-00EF-4A73-85FF-A6150EE7C0E1}.Debug|Any CPU.ActiveCfg = Debug|Any CPU
		{44C91172-00EF-4A73-85FF-A6150EE7C0E1}.Debug|Any CPU.Build.0 = Debug|Any CPU
		{44C91172-00EF-4A73-85FF-A6150EE7C0E1}.Release|Any CPU.ActiveCfg = Release|Any CPU
		{44C91172-00EF-4A73-85FF-A6150EE7C0E1}.Release|Any CPU.Build.0 = Release|Any CPU
		{8E516209-8C02-4BA7-B231-7C41316E1C92}.Debug|Any CPU.ActiveCfg = Debug|Any CPU
		{8E516209-8C02-4BA7-B231-7C41316E1C92}.Debug|Any CPU.Build.0 = Debug|Any CPU
		{8E516209-8C02-4BA7-B231-7C41316E1C92}.Release|Any CPU.ActiveCfg = Release|Any CPU
		{8E516209-8C02-4BA7-B231-7C41316E1C92}.Release|Any CPU.Build.0 = Release|Any CPU
		{7BACB6F4-1C6C-4DF4-95DE-343B5B5DF375}.Debug|Any CPU.ActiveCfg = Debug|Any CPU
		{7BACB6F4-1C6C-4DF4-95DE-343B5B5DF375}.Debug|Any CPU.Build.0 = Debug|Any CPU
		{7BACB6F4-1C6C-4DF4-95DE-343B5B5DF375}.Release|Any CPU.ActiveCfg = Release|Any CPU
		{7BACB6F4-1C6C-4DF4-95DE-343B5B5DF375}.Release|Any CPU.Build.0 = Release|Any CPU
		{150BD1BA-7210-4522-8E46-C9BFF0BE570A}.Debug|Any CPU.ActiveCfg = Debug|Any CPU
		{150BD1BA-7210-4522-8E46-C9BFF0BE570A}.Debug|Any CPU.Build.0 = Debug|Any CPU
		{150BD1BA-7210-4522-8E46-C9BFF0BE570A}.Release|Any CPU.ActiveCfg = Release|Any CPU
		{150BD1BA-7210-4522-8E46-C9BFF0BE570A}.Release|Any CPU.Build.0 = Release|Any CPU
		{378795ED-0161-4A8C-8DEA-9C034BDA016F}.Debug|Any CPU.ActiveCfg = Debug|Any CPU
		{378795ED-0161-4A8C-8DEA-9C034BDA016F}.Debug|Any CPU.Build.0 = Debug|Any CPU
		{378795ED-0161-4A8C-8DEA-9C034BDA016F}.Release|Any CPU.ActiveCfg = Release|Any CPU
		{378795ED-0161-4A8C-8DEA-9C034BDA016F}.Release|Any CPU.Build.0 = Release|Any CPU
		{0A52F0E4-61C9-4489-9C19-3F00AFA26DCF}.Debug|Any CPU.ActiveCfg = Debug|Any CPU
		{0A52F0E4-61C9-4489-9C19-3F00AFA26DCF}.Debug|Any CPU.Build.0 = Debug|Any CPU
		{0A52F0E4-61C9-4489-9C19-3F00AFA26DCF}.Release|Any CPU.ActiveCfg = Release|Any CPU
		{0A52F0E4-61C9-4489-9C19-3F00AFA26DCF}.Release|Any CPU.Build.0 = Release|Any CPU
		{07A6E58D-0949-4EAF-804A-1A0FA59C8DD3}.Debug|Any CPU.ActiveCfg = Debug|Any CPU
		{07A6E58D-0949-4EAF-804A-1A0FA59C8DD3}.Debug|Any CPU.Build.0 = Debug|Any CPU
		{07A6E58D-0949-4EAF-804A-1A0FA59C8DD3}.Release|Any CPU.ActiveCfg = Release|Any CPU
		{07A6E58D-0949-4EAF-804A-1A0FA59C8DD3}.Release|Any CPU.Build.0 = Release|Any CPU
		{E3BEF113-7ACD-46C7-8D26-25C2E46D1A6D}.Debug|Any CPU.ActiveCfg = Debug|Any CPU
		{E3BEF113-7ACD-46C7-8D26-25C2E46D1A6D}.Debug|Any CPU.Build.0 = Debug|Any CPU
		{E3BEF113-7ACD-46C7-8D26-25C2E46D1A6D}.Release|Any CPU.ActiveCfg = Release|Any CPU
		{E3BEF113-7ACD-46C7-8D26-25C2E46D1A6D}.Release|Any CPU.Build.0 = Release|Any CPU
		{288B0049-52C1-4C9A-AC62-D9E00E6704D6}.Debug|Any CPU.ActiveCfg = Debug|Any CPU
		{288B0049-52C1-4C9A-AC62-D9E00E6704D6}.Debug|Any CPU.Build.0 = Debug|Any CPU
		{288B0049-52C1-4C9A-AC62-D9E00E6704D6}.Release|Any CPU.ActiveCfg = Release|Any CPU
		{288B0049-52C1-4C9A-AC62-D9E00E6704D6}.Release|Any CPU.Build.0 = Release|Any CPU
		{4EF014EC-8DB4-4916-B69B-E6D5E2ABB5D4}.Debug|Any CPU.ActiveCfg = Debug|Any CPU
		{4EF014EC-8DB4-4916-B69B-E6D5E2ABB5D4}.Debug|Any CPU.Build.0 = Debug|Any CPU
		{4EF014EC-8DB4-4916-B69B-E6D5E2ABB5D4}.Release|Any CPU.ActiveCfg = Release|Any CPU
		{4EF014EC-8DB4-4916-B69B-E6D5E2ABB5D4}.Release|Any CPU.Build.0 = Release|Any CPU
		{3F008F5E-EE06-4245-B92A-BB325923DC58}.Debug|Any CPU.ActiveCfg = Debug|Any CPU
		{3F008F5E-EE06-4245-B92A-BB325923DC58}.Debug|Any CPU.Build.0 = Debug|Any CPU
		{3F008F5E-EE06-4245-B92A-BB325923DC58}.Release|Any CPU.ActiveCfg = Release|Any CPU
		{3F008F5E-EE06-4245-B92A-BB325923DC58}.Release|Any CPU.Build.0 = Release|Any CPU
		{40388F1B-78FB-4899-8EE2-210F237D802D}.Debug|Any CPU.ActiveCfg = Debug|Any CPU
		{40388F1B-78FB-4899-8EE2-210F237D802D}.Debug|Any CPU.Build.0 = Debug|Any CPU
		{40388F1B-78FB-4899-8EE2-210F237D802D}.Release|Any CPU.ActiveCfg = Release|Any CPU
		{40388F1B-78FB-4899-8EE2-210F237D802D}.Release|Any CPU.Build.0 = Release|Any CPU
		{8D6ADF8B-4C3B-44FD-B8C3-076EDDE46369}.Debug|Any CPU.ActiveCfg = Debug|Any CPU
		{8D6ADF8B-4C3B-44FD-B8C3-076EDDE46369}.Debug|Any CPU.Build.0 = Debug|Any CPU
		{8D6ADF8B-4C3B-44FD-B8C3-076EDDE46369}.Release|Any CPU.ActiveCfg = Release|Any CPU
		{8D6ADF8B-4C3B-44FD-B8C3-076EDDE46369}.Release|Any CPU.Build.0 = Release|Any CPU
		{5C25C5BC-1DB7-4A25-B3AD-4D77B92F8ADD}.Debug|Any CPU.ActiveCfg = Debug|Any CPU
		{5C25C5BC-1DB7-4A25-B3AD-4D77B92F8ADD}.Debug|Any CPU.Build.0 = Debug|Any CPU
		{5C25C5BC-1DB7-4A25-B3AD-4D77B92F8ADD}.Release|Any CPU.ActiveCfg = Release|Any CPU
		{5C25C5BC-1DB7-4A25-B3AD-4D77B92F8ADD}.Release|Any CPU.Build.0 = Release|Any CPU
		{044FD418-F365-4A85-98DB-23834DD18F89}.Debug|Any CPU.ActiveCfg = Debug|Any CPU
		{044FD418-F365-4A85-98DB-23834DD18F89}.Debug|Any CPU.Build.0 = Debug|Any CPU
		{044FD418-F365-4A85-98DB-23834DD18F89}.Release|Any CPU.ActiveCfg = Release|Any CPU
		{044FD418-F365-4A85-98DB-23834DD18F89}.Release|Any CPU.Build.0 = Release|Any CPU
		{5FC06A89-059F-494B-9446-5ABFE735D8F8}.Debug|Any CPU.ActiveCfg = Debug|Any CPU
		{5FC06A89-059F-494B-9446-5ABFE735D8F8}.Debug|Any CPU.Build.0 = Debug|Any CPU
		{5FC06A89-059F-494B-9446-5ABFE735D8F8}.Release|Any CPU.ActiveCfg = Release|Any CPU
		{5FC06A89-059F-494B-9446-5ABFE735D8F8}.Release|Any CPU.Build.0 = Release|Any CPU
		{37D1AA1B-2FD9-49DC-8960-6989065DC866}.Debug|Any CPU.ActiveCfg = Debug|Any CPU
		{37D1AA1B-2FD9-49DC-8960-6989065DC866}.Debug|Any CPU.Build.0 = Debug|Any CPU
		{37D1AA1B-2FD9-49DC-8960-6989065DC866}.Release|Any CPU.ActiveCfg = Release|Any CPU
		{37D1AA1B-2FD9-49DC-8960-6989065DC866}.Release|Any CPU.Build.0 = Release|Any CPU
	EndGlobalSection
	GlobalSection(SolutionProperties) = preSolution
		HideSolutionNode = FALSE
	EndGlobalSection
	GlobalSection(NestedProjects) = preSolution
		{44C91172-00EF-4A73-85FF-A6150EE7C0E1} = {68562DBE-683F-4D60-9C48-41A639CB3A34}
		{8E516209-8C02-4BA7-B231-7C41316E1C92} = {C0106DC5-EFAD-47CB-B332-BFB24C1AA0D8}
		{7BACB6F4-1C6C-4DF4-95DE-343B5B5DF375} = {596E4E11-948F-40B2-9A56-148FFF35E2F0}
		{150BD1BA-7210-4522-8E46-C9BFF0BE570A} = {596E4E11-948F-40B2-9A56-148FFF35E2F0}
		{378795ED-0161-4A8C-8DEA-9C034BDA016F} = {596E4E11-948F-40B2-9A56-148FFF35E2F0}
		{0A52F0E4-61C9-4489-9C19-3F00AFA26DCF} = {E58BBA10-4E36-4565-8E65-2ECCDF07477A}
		{07A6E58D-0949-4EAF-804A-1A0FA59C8DD3} = {E58BBA10-4E36-4565-8E65-2ECCDF07477A}
		{E3BEF113-7ACD-46C7-8D26-25C2E46D1A6D} = {E58BBA10-4E36-4565-8E65-2ECCDF07477A}
		{288B0049-52C1-4C9A-AC62-D9E00E6704D6} = {276DB5E9-9631-41C1-BDC0-6F7BB8E67AC9}
		{4EF014EC-8DB4-4916-B69B-E6D5E2ABB5D4} = {276DB5E9-9631-41C1-BDC0-6F7BB8E67AC9}
		{3F008F5E-EE06-4245-B92A-BB325923DC58} = {276DB5E9-9631-41C1-BDC0-6F7BB8E67AC9}
		{40388F1B-78FB-4899-8EE2-210F237D802D} = {A2A7025D-2AB3-423E-9D5C-25BBA3CFD84B}
		{8D6ADF8B-4C3B-44FD-B8C3-076EDDE46369} = {A2A7025D-2AB3-423E-9D5C-25BBA3CFD84B}
		{5C25C5BC-1DB7-4A25-B3AD-4D77B92F8ADD} = {A2A7025D-2AB3-423E-9D5C-25BBA3CFD84B}
		{044FD418-F365-4A85-98DB-23834DD18F89} = {3FB0303D-4057-453D-A34F-342CCCD0CDD0}
		{5FC06A89-059F-494B-9446-5ABFE735D8F8} = {3FB0303D-4057-453D-A34F-342CCCD0CDD0}
		{37D1AA1B-2FD9-49DC-8960-6989065DC866} = {3FB0303D-4057-453D-A34F-342CCCD0CDD0}
	EndGlobalSection
	GlobalSection(ExtensibilityGlobals) = postSolution
		SolutionGuid = {5A8861D2-E1C2-4E17-BD50-601FF1BC5A1B}
	EndGlobalSection
EndGlobal
