
Microsoft Visual Studio Solution File, Format Version 12.00
# Visual Studio Version 16
VisualStudioVersion = 16.0.34031.81
MinimumVisualStudioVersion = 10.0.40219.1
Project("{2150E333-8FDC-42A3-9474-1A3956D46DE8}") = "Task0", "Task0", "{68562DBE-683F-4D60-9C48-41A639CB3A34}"
EndProject
Project("{FAE04EC0-301F-11D3-BF4B-00C04F79EFBC}") = "Tyuiu.NezhdanovDA.Sprint0.Task0.V0", "Tyuiu.NezhdanovDA.Sprint0.Task0.V0\Tyuiu.NezhdanovDA.Sprint0.Task0.V0.csproj", "{44C91172-00EF-4A73-85FF-A6150EE7C0E1}"
EndProject
Project("{2150E333-8FDC-42A3-9474-1A3956D46DE8}") = "Task1", "Task1", "{C0106DC5-EFAD-47CB-B332-BFB24C1AA0D8}"
EndProject
Project("{FAE04EC0-301F-11D3-BF4B-00C04F79EFBC}") = "Tyuiu.NezhdanovDA.Sprint0.Task1.V0", "Tyuiu.NezhdanovDA.Sprint0.Task1.V0\Tyuiu.NezhdanovDA.Sprint0.Task1.V0.csproj", "{8E516209-8C02-4BA7-B231-7C41316E1C92}"
EndProject
Project("{2150E333-8FDC-42A3-9474-1A3956D46DE8}") = "Task2", "Task2", "{596E4E11-948F-40B2-9A56-148FFF35E2F0}"
EndProject
Project("{FAE04EC0-301F-11D3-BF4B-00C04F79EFBC}") = "Tyuiu.NezhdanovDA.Sprint0.Task2.V0", "Tyuiu.NezhdanovDA.Sprint0.Task2.V0\Tyuiu.NezhdanovDA.Sprint0.Task2.V0.csproj", "{7BACB6F4-1C6C-4DF4-95DE-343B5B5DF375}"
EndProject
Project("{FAE04EC0-301F-11D3-BF4B-00C04F79EFBC}") = "Tyuiu.NezhdanovDA.Sprint0.Task2.V0.Lib", "Tyuiu.NezhdanovDA.Sprint0.Task2.V0.Lib\Tyuiu.NezhdanovDA.Sprint0.Task2.V0.Lib.csproj", "{150BD1BA-7210-4522-8E46-C9BFF0BE570A}"
EndProject
Project("{FAE04EC0-301F-11D3-BF4B-00C04F79EFBC}") = "Tyuiu.NezhdanovDA.Sprint0.Task2.V0.Test", "Tyuiu.NezhdanovDA.Sprint0.Task2.V0.Test\Tyuiu.NezhdanovDA.Sprint0.Task2.V0.Test.csproj", "{378795ED-0161-4A8C-8DEA-9C034BDA016F}"
EndProject
Project("{2150E333-8FDC-42A3-9474-1A3956D46DE8}") = "Task3", "Task3", "{E58BBA10-4E36-4565-8E65-2ECCDF07477A}"
EndProject
Project("{FAE04EC0-301F-11D3-BF4B-00C04F79EFBC}") = "Tyuiu.NezhdanovDA.Sprint0.Task3.V0", "Tyuiu.NezhdanovDA.Sprint0.Task3.V0\Tyuiu.NezhdanovDA.Sprint0.Task3.V0.csproj", "{0A52F0E4-61C9-4489-9C19-3F00AFA26DCF}"
EndProject
Project("{FAE04EC0-301F-11D3-BF4B-00C04F79EFBC}") = "Tyuiu.NezhdanovDA.Sprint0.Task3.V0.Lib", "Tyuiu.NezhdanovDA.Sprint0.Task3.V0.Lib\Tyuiu.NezhdanovDA.Sprint0.Task3.V0.Lib.csproj", "{07A6E58D-0949-4EAF-804A-1A0FA59C8DD3}"
EndProject
Project("{FAE04EC0-301F-11D3-BF4B-00C04F79EFBC}") = "Tyuiu.NezhdanovDA.Sprint0.Task3.V0.Test", "Tyuiu.NezhdanovDA.Sprint0.Task3.V0.Test\Tyuiu.NezhdanovDA.Sprint0.Task3.V0.Test.csproj", "{E3BEF113-7ACD-46C7-8D26-25C2E46D1A6D}"
EndProject
Global
	GlobalSection(SolutionConfigurationPlatforms) = preSolution
		Debug|Any CPU = Debug|Any CPU
		Release|Any CPU = Release|Any CPU
	EndGlobalSection
	GlobalSection(ProjectConfigurationPlatforms) = postSolution
		{44C91172-00EF-4A73-85FF-A6150EE7C0E1}.Debug|Any CPU.ActiveCfg = Debug|Any CPU
		{44C91172-00EF-4A73-85FF-A6150EE7C0E1}.Debug|Any CPU.Build.0 = Debug|Any CPU
		{44C91172-00EF-4A73-85FF-A6150EE7C0E1}.Release|Any CPU.ActiveCfg = Release|Any CPU
		{44C91172-00EF-4A73-85FF-A6150EE7C0E1}.Release|Any CPU.Build.0 = Release|Any CPU
		{8E516209-8C02-4BA7-B231-7C41316E1C92}.Debug|Any CPU.ActiveCfg = Debug|Any CPU
		{8E516209-8C02-4BA7-B231-7C41316E1C92}.Debug|Any CPU.Build.0 = Debug|Any CPU
		{8E516209-8C02-4BA7-B231-7C41316E1C92}.Release|Any CPU.ActiveCfg = Release|Any CPU
		{8E516209-8C02-4BA7-B231-7C41316E1C92}.Release|Any CPU.Build.0 = Release|Any CPU
		{7BACB6F4-1C6C-4DF4-95DE-343B5B5DF375}.Debug|Any CPU.ActiveCfg = Debug|Any CPU
		{7BACB6F4-1C6C-4DF4-95DE-343B5B5DF375}.Debug|Any CPU.Build.0 = Debug|Any CPU
		{7BACB6F4-1C6C-4DF4-95DE-343B5B5DF375}.Release|Any CPU.ActiveCfg = Release|Any CPU
		{7BACB6F4-1C6C-4DF4-95DE-343B5B5DF375}.Release|Any CPU.Build.0 = Release|Any CPU
		{150BD1BA-7210-4522-8E46-C9BFF0BE570A}.Debug|Any CPU.ActiveCfg = Debug|Any CPU
		{150BD1BA-7210-4522-8E46-C9BFF0BE570A}.Debug|Any CPU.Build.0 = Debug|Any CPU
		{150BD1BA-7210-4522-8E46-C9BFF0BE570A}.Release|Any CPU.ActiveCfg = Release|Any CPU
		{150BD1BA-7210-4522-8E46-C9BFF0BE570A}.Release|Any CPU.Build.0 = Release|Any CPU
		{378795ED-0161-4A8C-8DEA-9C034BDA016F}.Debug|Any CPU.ActiveCfg = Debug|Any CPU
		{378795ED-0161-4A8C-8DEA-9C034BDA016F}.Debug|Any CPU.Build.0 = Debug|Any CPU
		{378795ED-0161-4A8C-8DEA-9C034BDA016F}.Release|Any CPU.ActiveCfg = Release|Any CPU
		{378795ED-0161-4A8C-8DEA-9C034BDA016F}.Release|Any CPU.Build.0 = Release|Any CPU
		{0A52F0E4-61C9-4489-9C19-3F00AFA26DCF}.Debug|Any CPU.ActiveCfg = Debug|Any CPU
		{0A52F0E4-61C9-4489-9C19-3F00AFA26DCF}.Debug|Any CPU.Build.0 = Debug|Any CPU
		{0A52F0E4-61C9-4489-9C19-3F00AFA26DCF}.Release|Any CPU.ActiveCfg = Release|Any CPU
		{0A52F0E4-61C9-4489-9C19-3F00AFA26DCF}.Release|Any CPU.Build.0 = Release|Any CPU
		{07A6E58D-0949-4EAF-804A-1A0FA59C8DD3}.Debug|Any CPU.ActiveCfg = Debug|Any CPU
		{07A6E58D-0949-4EAF-804A-1A0FA59C8DD3}.Debug|Any CPU.Build.0 = Debug|Any CPU
		{07A6E58D-0949-4EAF-804A-1A0FA59C8DD3}.Release|Any CPU.ActiveCfg = Release|Any CPU
		{07A6E58D-0949-4EAF-804A-1A0FA59C8DD3}.Release|Any CPU.Build.0 = Release|Any CPU
		{E3BEF113-7ACD-46C7-8D26-25C2E46D1A6D}.Debug|Any CPU.ActiveCfg = Debug|Any CPU
		{E3BEF113-7ACD-46C7-8D26-25C2E46D1A6D}.Debug|Any CPU.Build.0 = Debug|Any CPU
		{E3BEF113-7ACD-46C7-8D26-25C2E46D1A6D}.Release|Any CPU.ActiveCfg = Release|Any CPU
		{E3BEF113-7ACD-46C7-8D26-25C2E46D1A6D}.Release|Any CPU.Build.0 = Release|Any CPU
	EndGlobalSection
	GlobalSection(SolutionProperties) = preSolution
		HideSolutionNode = FALSE
	EndGlobalSection
	GlobalSection(NestedProjects) = preSolution
		{44C91172-00EF-4A73-85FF-A6150EE7C0E1} = {68562DBE-683F-4D60-9C48-41A639CB3A34}
		{8E516209-8C02-4BA7-B231-7C41316E1C92} = {C0106DC5-EFAD-47CB-B332-BFB24C1AA0D8}
		{7BACB6F4-1C6C-4DF4-95DE-343B5B5DF375} = {596E4E11-948F-40B2-9A56-148FFF35E2F0}
		{150BD1BA-7210-4522-8E46-C9BFF0BE570A} = {596E4E11-948F-40B2-9A56-148FFF35E2F0}
		{378795ED-0161-4A8C-8DEA-9C034BDA016F} = {596E4E11-948F-40B2-9A56-148FFF35E2F0}
		{0A52F0E4-61C9-4489-9C19-3F00AFA26DCF} = {E58BBA10-4E36-4565-8E65-2ECCDF07477A}
		{07A6E58D-0949-4EAF-804A-1A0FA59C8DD3} = {E58BBA10-4E36-4565-8E65-2ECCDF07477A}
		{E3BEF113-7ACD-46C7-8D26-25C2E46D1A6D} = {E58BBA10-4E36-4565-8E65-2ECCDF07477A}
	EndGlobalSection
	GlobalSection(ExtensibilityGlobals) = postSolution
		SolutionGuid = {5A8861D2-E1C2-4E17-BD50-601FF1BC5A1B}
	EndGlobalSection
EndGlobal
